// !$*UTF8*$!
{
	archiveVersion = 1;
	classes = {
	};
	objectVersion = 50;
	objects = {

/* Begin PBXBuildFile section */
		FE05B49526856F51004606DB /* FavoriteButton.swift in Sources */ = {isa = PBXBuildFile; fileRef = FE05B49426856F51004606DB /* FavoriteButton.swift */; };
		FE4DF51B2689154D00658D23 /* CategoryHome.swift in Sources */ = {isa = PBXBuildFile; fileRef = FE4DF51A2689154D00658D23 /* CategoryHome.swift */; };
		FE4DF520268918AB00658D23 /* CategoryRow.swift in Sources */ = {isa = PBXBuildFile; fileRef = FE4DF51F268918AB00658D23 /* CategoryRow.swift */; };
		FE4DF52826891AE800658D23 /* CategoryItem.swift in Sources */ = {isa = PBXBuildFile; fileRef = FE4DF52726891AE800658D23 /* CategoryItem.swift */; };
		FE6F4E3B2681769D00F25FDD /* CircleImage.swift in Sources */ = {isa = PBXBuildFile; fileRef = FE6F4E3A2681769D00F25FDD /* CircleImage.swift */; };
		FE6F4E40268178A200F25FDD /* MapView.swift in Sources */ = {isa = PBXBuildFile; fileRef = FE6F4E3F268178A200F25FDD /* MapView.swift */; };
		FE8CF7212682713500B5BA3A /* landmarkData.json in Resources */ = {isa = PBXBuildFile; fileRef = FE8CF7202682713500B5BA3A /* landmarkData.json */; };
		FE8CF7262682716900B5BA3A /* Landmark.swift in Sources */ = {isa = PBXBuildFile; fileRef = FE8CF7252682716900B5BA3A /* Landmark.swift */; };
		FE8CF72B268275F000B5BA3A /* ModelData.swift in Sources */ = {isa = PBXBuildFile; fileRef = FE8CF72A268275F000B5BA3A /* ModelData.swift */; };
		FE8CF73C268280CE00B5BA3A /* LandmarkRow.swift in Sources */ = {isa = PBXBuildFile; fileRef = FE8CF73B268280CE00B5BA3A /* LandmarkRow.swift */; };
		FE8CF74126828B3B00B5BA3A /* LandmarkList.swift in Sources */ = {isa = PBXBuildFile; fileRef = FE8CF74026828B3B00B5BA3A /* LandmarkList.swift */; };
		FE8CF749268291C500B5BA3A /* LandmarkDetail.swift in Sources */ = {isa = PBXBuildFile; fileRef = FE8CF748268291C500B5BA3A /* LandmarkDetail.swift */; };
		FE8CF75A2682C94A00B5BA3A /* ContentView.swift in Sources */ = {isa = PBXBuildFile; fileRef = FE8CF7592682C94A00B5BA3A /* ContentView.swift */; };
		FEBB6FDD26880ADC004CC151 /* hikeData.json in Resources */ = {isa = PBXBuildFile; fileRef = FEBB6FDC26880ADC004CC151 /* hikeData.json */; };
		FEBB6FE226880B3B004CC151 /* Hike.swift in Sources */ = {isa = PBXBuildFile; fileRef = FEBB6FE126880B3B004CC151 /* Hike.swift */; };
		FEBB6FEE26880C81004CC151 /* GraphCapsule.swift in Sources */ = {isa = PBXBuildFile; fileRef = FEBB6FEA26880C81004CC151 /* GraphCapsule.swift */; };
		FEBB6FEF26880C81004CC151 /* HikeGraph.swift in Sources */ = {isa = PBXBuildFile; fileRef = FEBB6FEB26880C81004CC151 /* HikeGraph.swift */; };
		FEBB6FF026880C81004CC151 /* HikeDetail.swift in Sources */ = {isa = PBXBuildFile; fileRef = FEBB6FEC26880C81004CC151 /* HikeDetail.swift */; };
		FEBB6FF126880C81004CC151 /* HikeView.swift in Sources */ = {isa = PBXBuildFile; fileRef = FEBB6FED26880C81004CC151 /* HikeView.swift */; };
		FEE79BFB2680297400900A3E /* LandmarksApp.swift in Sources */ = {isa = PBXBuildFile; fileRef = FEE79BFA2680297400900A3E /* LandmarksApp.swift */; };
		FEE79BFF2680297500900A3E /* Assets.xcassets in Resources */ = {isa = PBXBuildFile; fileRef = FEE79BFE2680297500900A3E /* Assets.xcassets */; };
		FEE79C022680297500900A3E /* Preview Assets.xcassets in Resources */ = {isa = PBXBuildFile; fileRef = FEE79C012680297500900A3E /* Preview Assets.xcassets */; };
		FEE79C0D2680297600900A3E /* LandmarksTests.swift in Sources */ = {isa = PBXBuildFile; fileRef = FEE79C0C2680297600900A3E /* LandmarksTests.swift */; };
		FEE79C182680297600900A3E /* LandmarksUITests.swift in Sources */ = {isa = PBXBuildFile; fileRef = FEE79C172680297600900A3E /* LandmarksUITests.swift */; };
		FEFEDF7F2686B9360044CFCB /* HexagonParameters.swift in Sources */ = {isa = PBXBuildFile; fileRef = FEFEDF7E2686B9360044CFCB /* HexagonParameters.swift */; };
		FEFEDF842686BC2E0044CFCB /* BadgeBackground.swift in Sources */ = {isa = PBXBuildFile; fileRef = FEFEDF832686BC2E0044CFCB /* BadgeBackground.swift */; };
		FEFEDF892686C2E20044CFCB /* BadgeSymbol.swift in Sources */ = {isa = PBXBuildFile; fileRef = FEFEDF882686C2E20044CFCB /* BadgeSymbol.swift */; };
		FEFEDF8E2686C5C10044CFCB /* RotatedBadgeSymbol.swift in Sources */ = {isa = PBXBuildFile; fileRef = FEFEDF8D2686C5C10044CFCB /* RotatedBadgeSymbol.swift */; };
		FEFEDF932686C6860044CFCB /* Badge.swift in Sources */ = {isa = PBXBuildFile; fileRef = FEFEDF922686C6860044CFCB /* Badge.swift */; };
/* End PBXBuildFile section */

/* Begin PBXContainerItemProxy section */
		FEE79C092680297600900A3E /* PBXContainerItemProxy */ = {
			isa = PBXContainerItemProxy;
			containerPortal = FEE79BEF2680297400900A3E /* Project object */;
			proxyType = 1;
			remoteGlobalIDString = FEE79BF62680297400900A3E;
			remoteInfo = Landmarks;
		};
		FEE79C142680297600900A3E /* PBXContainerItemProxy */ = {
			isa = PBXContainerItemProxy;
			containerPortal = FEE79BEF2680297400900A3E /* Project object */;
			proxyType = 1;
			remoteGlobalIDString = FEE79BF62680297400900A3E;
			remoteInfo = Landmarks;
		};
/* End PBXContainerItemProxy section */

/* Begin PBXFileReference section */
		FE05B49426856F51004606DB /* FavoriteButton.swift */ = {isa = PBXFileReference; lastKnownFileType = sourcecode.swift; path = FavoriteButton.swift; sourceTree = "<group>"; };
		FE4DF51A2689154D00658D23 /* CategoryHome.swift */ = {isa = PBXFileReference; lastKnownFileType = sourcecode.swift; path = CategoryHome.swift; sourceTree = "<group>"; };
		FE4DF51F268918AB00658D23 /* CategoryRow.swift */ = {isa = PBXFileReference; lastKnownFileType = sourcecode.swift; path = CategoryRow.swift; sourceTree = "<group>"; };
		FE4DF52726891AE800658D23 /* CategoryItem.swift */ = {isa = PBXFileReference; lastKnownFileType = sourcecode.swift; path = CategoryItem.swift; sourceTree = "<group>"; };
		FE6F4E3A2681769D00F25FDD /* CircleImage.swift */ = {isa = PBXFileReference; lastKnownFileType = sourcecode.swift; path = CircleImage.swift; sourceTree = "<group>"; };
		FE6F4E3F268178A200F25FDD /* MapView.swift */ = {isa = PBXFileReference; lastKnownFileType = sourcecode.swift; path = MapView.swift; sourceTree = "<group>"; };
		FE8CF7202682713500B5BA3A /* landmarkData.json */ = {isa = PBXFileReference; fileEncoding = 4; lastKnownFileType = text.json; path = landmarkData.json; sourceTree = "<group>"; };
		FE8CF7252682716900B5BA3A /* Landmark.swift */ = {isa = PBXFileReference; lastKnownFileType = sourcecode.swift; path = Landmark.swift; sourceTree = "<group>"; };
		FE8CF72A268275F000B5BA3A /* ModelData.swift */ = {isa = PBXFileReference; lastKnownFileType = sourcecode.swift; path = ModelData.swift; sourceTree = "<group>"; };
		FE8CF73B268280CE00B5BA3A /* LandmarkRow.swift */ = {isa = PBXFileReference; lastKnownFileType = sourcecode.swift; path = LandmarkRow.swift; sourceTree = "<group>"; };
		FE8CF74026828B3B00B5BA3A /* LandmarkList.swift */ = {isa = PBXFileReference; lastKnownFileType = sourcecode.swift; path = LandmarkList.swift; sourceTree = "<group>"; };
		FE8CF748268291C500B5BA3A /* LandmarkDetail.swift */ = {isa = PBXFileReference; lastKnownFileType = sourcecode.swift; path = LandmarkDetail.swift; sourceTree = "<group>"; };
		FE8CF7592682C94A00B5BA3A /* ContentView.swift */ = {isa = PBXFileReference; lastKnownFileType = sourcecode.swift; path = ContentView.swift; sourceTree = "<group>"; };
		FEBB6FDC26880ADC004CC151 /* hikeData.json */ = {isa = PBXFileReference; fileEncoding = 4; lastKnownFileType = text.json; path = hikeData.json; sourceTree = "<group>"; };
		FEBB6FE126880B3B004CC151 /* Hike.swift */ = {isa = PBXFileReference; lastKnownFileType = sourcecode.swift; path = Hike.swift; sourceTree = "<group>"; };
		FEBB6FEA26880C81004CC151 /* GraphCapsule.swift */ = {isa = PBXFileReference; fileEncoding = 4; lastKnownFileType = sourcecode.swift; path = GraphCapsule.swift; sourceTree = "<group>"; };
		FEBB6FEB26880C81004CC151 /* HikeGraph.swift */ = {isa = PBXFileReference; fileEncoding = 4; lastKnownFileType = sourcecode.swift; path = HikeGraph.swift; sourceTree = "<group>"; };
		FEBB6FEC26880C81004CC151 /* HikeDetail.swift */ = {isa = PBXFileReference; fileEncoding = 4; lastKnownFileType = sourcecode.swift; path = HikeDetail.swift; sourceTree = "<group>"; };
		FEBB6FED26880C81004CC151 /* HikeView.swift */ = {isa = PBXFileReference; fileEncoding = 4; lastKnownFileType = sourcecode.swift; path = HikeView.swift; sourceTree = "<group>"; };
		FEE79BF72680297400900A3E /* Landmarks.app */ = {isa = PBXFileReference; explicitFileType = wrapper.application; includeInIndex = 0; path = Landmarks.app; sourceTree = BUILT_PRODUCTS_DIR; };
		FEE79BFA2680297400900A3E /* LandmarksApp.swift */ = {isa = PBXFileReference; lastKnownFileType = sourcecode.swift; path = LandmarksApp.swift; sourceTree = "<group>"; };
		FEE79BFE2680297500900A3E /* Assets.xcassets */ = {isa = PBXFileReference; lastKnownFileType = folder.assetcatalog; path = Assets.xcassets; sourceTree = "<group>"; };
		FEE79C012680297500900A3E /* Preview Assets.xcassets */ = {isa = PBXFileReference; lastKnownFileType = folder.assetcatalog; path = "Preview Assets.xcassets"; sourceTree = "<group>"; };
		FEE79C032680297500900A3E /* Info.plist */ = {isa = PBXFileReference; lastKnownFileType = text.plist.xml; path = Info.plist; sourceTree = "<group>"; };
		FEE79C082680297600900A3E /* LandmarksTests.xctest */ = {isa = PBXFileReference; explicitFileType = wrapper.cfbundle; includeInIndex = 0; path = LandmarksTests.xctest; sourceTree = BUILT_PRODUCTS_DIR; };
		FEE79C0C2680297600900A3E /* LandmarksTests.swift */ = {isa = PBXFileReference; lastKnownFileType = sourcecode.swift; path = LandmarksTests.swift; sourceTree = "<group>"; };
		FEE79C0E2680297600900A3E /* Info.plist */ = {isa = PBXFileReference; lastKnownFileType = text.plist.xml; path = Info.plist; sourceTree = "<group>"; };
		FEE79C132680297600900A3E /* LandmarksUITests.xctest */ = {isa = PBXFileReference; explicitFileType = wrapper.cfbundle; includeInIndex = 0; path = LandmarksUITests.xctest; sourceTree = BUILT_PRODUCTS_DIR; };
		FEE79C172680297600900A3E /* LandmarksUITests.swift */ = {isa = PBXFileReference; lastKnownFileType = sourcecode.swift; path = LandmarksUITests.swift; sourceTree = "<group>"; };
		FEE79C192680297600900A3E /* Info.plist */ = {isa = PBXFileReference; lastKnownFileType = text.plist.xml; path = Info.plist; sourceTree = "<group>"; };
		FEFEDF7E2686B9360044CFCB /* HexagonParameters.swift */ = {isa = PBXFileReference; lastKnownFileType = sourcecode.swift; path = HexagonParameters.swift; sourceTree = "<group>"; };
		FEFEDF832686BC2E0044CFCB /* BadgeBackground.swift */ = {isa = PBXFileReference; lastKnownFileType = sourcecode.swift; path = BadgeBackground.swift; sourceTree = "<group>"; };
		FEFEDF882686C2E20044CFCB /* BadgeSymbol.swift */ = {isa = PBXFileReference; lastKnownFileType = sourcecode.swift; path = BadgeSymbol.swift; sourceTree = "<group>"; };
		FEFEDF8D2686C5C10044CFCB /* RotatedBadgeSymbol.swift */ = {isa = PBXFileReference; lastKnownFileType = sourcecode.swift; path = RotatedBadgeSymbol.swift; sourceTree = "<group>"; };
		FEFEDF922686C6860044CFCB /* Badge.swift */ = {isa = PBXFileReference; lastKnownFileType = sourcecode.swift; path = Badge.swift; sourceTree = "<group>"; };
/* End PBXFileReference section */

/* Begin PBXFrameworksBuildPhase section */
		FEE79BF42680297400900A3E /* Frameworks */ = {
			isa = PBXFrameworksBuildPhase;
			buildActionMask = 2147483647;
			files = (
			);
			runOnlyForDeploymentPostprocessing = 0;
		};
		FEE79C052680297600900A3E /* Frameworks */ = {
			isa = PBXFrameworksBuildPhase;
			buildActionMask = 2147483647;
			files = (
			);
			runOnlyForDeploymentPostprocessing = 0;
		};
		FEE79C102680297600900A3E /* Frameworks */ = {
			isa = PBXFrameworksBuildPhase;
			buildActionMask = 2147483647;
			files = (
			);
			runOnlyForDeploymentPostprocessing = 0;
		};
/* End PBXFrameworksBuildPhase section */

/* Begin PBXGroup section */
		FE05B499268571CE004606DB /* Helper */ = {
			isa = PBXGroup;
			children = (
				FE6F4E3A2681769D00F25FDD /* CircleImage.swift */,
				FE6F4E3F268178A200F25FDD /* MapView.swift */,
				FE05B49426856F51004606DB /* FavoriteButton.swift */,
			);
			path = Helper;
			sourceTree = "<group>";
		};
		FE05B49A268571EC004606DB /* Landmarks */ = {
			isa = PBXGroup;
			children = (
				FE8CF74026828B3B00B5BA3A /* LandmarkList.swift */,
				FE8CF73B268280CE00B5BA3A /* LandmarkRow.swift */,
				FE8CF748268291C500B5BA3A /* LandmarkDetail.swift */,
			);
			path = Landmarks;
			sourceTree = "<group>";
		};
		FE8CF72F26827D4400B5BA3A /* Views */ = {
			isa = PBXGroup;
			children = (
				FEBB6FE926880C81004CC151 /* Hikes */,
				FE8CF7592682C94A00B5BA3A /* ContentView.swift */,
				FE05B49A268571EC004606DB /* Landmarks */,
				FEFEDF972686C9B00044CFCB /* Badges */,
				FE05B499268571CE004606DB /* Helper */,
				FE4DF51A2689154D00658D23 /* CategoryHome.swift */,
				FE4DF51F268918AB00658D23 /* CategoryRow.swift */,
				FE4DF52726891AE800658D23 /* CategoryItem.swift */,
			);
			path = Views;
			sourceTree = "<group>";
		};
		FE8CF73026827D6B00B5BA3A /* Resources */ = {
			isa = PBXGroup;
			children = (
				FE8CF7202682713500B5BA3A /* landmarkData.json */,
				FEBB6FDC26880ADC004CC151 /* hikeData.json */,
			);
			path = Resources;
			sourceTree = "<group>";
		};
		FE8CF73126827D8B00B5BA3A /* Model */ = {
			isa = PBXGroup;
			children = (
				FE8CF72A268275F000B5BA3A /* ModelData.swift */,
				FE8CF7252682716900B5BA3A /* Landmark.swift */,
				FEBB6FE126880B3B004CC151 /* Hike.swift */,
			);
			path = Model;
			sourceTree = "<group>";
		};
		FEBB6FE926880C81004CC151 /* Hikes */ = {
			isa = PBXGroup;
			children = (
				FEBB6FEA26880C81004CC151 /* GraphCapsule.swift */,
				FEBB6FEB26880C81004CC151 /* HikeGraph.swift */,
				FEBB6FEC26880C81004CC151 /* HikeDetail.swift */,
				FEBB6FED26880C81004CC151 /* HikeView.swift */,
			);
			path = Hikes;
			sourceTree = "<group>";
		};
		FEE79BEE2680297400900A3E = {
			isa = PBXGroup;
			children = (
				FEE79BF92680297400900A3E /* Landmarks */,
				FEE79C0B2680297600900A3E /* LandmarksTests */,
				FEE79C162680297600900A3E /* LandmarksUITests */,
				FEE79BF82680297400900A3E /* Products */,
			);
			sourceTree = "<group>";
		};
		FEE79BF82680297400900A3E /* Products */ = {
			isa = PBXGroup;
			children = (
				FEE79BF72680297400900A3E /* Landmarks.app */,
				FEE79C082680297600900A3E /* LandmarksTests.xctest */,
				FEE79C132680297600900A3E /* LandmarksUITests.xctest */,
			);
			name = Products;
			sourceTree = "<group>";
		};
		FEE79BF92680297400900A3E /* Landmarks */ = {
			isa = PBXGroup;
			children = (
				FEE79BFA2680297400900A3E /* LandmarksApp.swift */,
				FE8CF72F26827D4400B5BA3A /* Views */,
				FE8CF73026827D6B00B5BA3A /* Resources */,
				FE8CF73126827D8B00B5BA3A /* Model */,
				FEE79BFE2680297500900A3E /* Assets.xcassets */,
				FEE79C032680297500900A3E /* Info.plist */,
				FEE79C002680297500900A3E /* Preview Content */,
			);
			path = Landmarks;
			sourceTree = "<group>";
		};
		FEE79C002680297500900A3E /* Preview Content */ = {
			isa = PBXGroup;
			children = (
				FEE79C012680297500900A3E /* Preview Assets.xcassets */,
			);
			path = "Preview Content";
			sourceTree = "<group>";
		};
		FEE79C0B2680297600900A3E /* LandmarksTests */ = {
			isa = PBXGroup;
			children = (
				FEE79C0C2680297600900A3E /* LandmarksTests.swift */,
				FEE79C0E2680297600900A3E /* Info.plist */,
			);
			path = LandmarksTests;
			sourceTree = "<group>";
		};
		FEE79C162680297600900A3E /* LandmarksUITests */ = {
			isa = PBXGroup;
			children = (
				FEE79C172680297600900A3E /* LandmarksUITests.swift */,
				FEE79C192680297600900A3E /* Info.plist */,
			);
			path = LandmarksUITests;
			sourceTree = "<group>";
		};
		FEFEDF972686C9B00044CFCB /* Badges */ = {
			isa = PBXGroup;
			children = (
				FEFEDF832686BC2E0044CFCB /* BadgeBackground.swift */,
				FEFEDF922686C6860044CFCB /* Badge.swift */,
				FEFEDF882686C2E20044CFCB /* BadgeSymbol.swift */,
				FEFEDF8D2686C5C10044CFCB /* RotatedBadgeSymbol.swift */,
				FEFEDF7E2686B9360044CFCB /* HexagonParameters.swift */,
			);
			path = Badges;
			sourceTree = "<group>";
		};
/* End PBXGroup section */

/* Begin PBXNativeTarget section */
		FEE79BF62680297400900A3E /* Landmarks */ = {
			isa = PBXNativeTarget;
			buildConfigurationList = FEE79C1C2680297600900A3E /* Build configuration list for PBXNativeTarget "Landmarks" */;
			buildPhases = (
				FEE79BF32680297400900A3E /* Sources */,
				FEE79BF42680297400900A3E /* Frameworks */,
				FEE79BF52680297400900A3E /* Resources */,
			);
			buildRules = (
			);
			dependencies = (
			);
			name = Landmarks;
			productName = Landmarks;
			productReference = FEE79BF72680297400900A3E /* Landmarks.app */;
			productType = "com.apple.product-type.application";
		};
		FEE79C072680297600900A3E /* LandmarksTests */ = {
			isa = PBXNativeTarget;
			buildConfigurationList = FEE79C1F2680297600900A3E /* Build configuration list for PBXNativeTarget "LandmarksTests" */;
			buildPhases = (
				FEE79C042680297600900A3E /* Sources */,
				FEE79C052680297600900A3E /* Frameworks */,
				FEE79C062680297600900A3E /* Resources */,
			);
			buildRules = (
			);
			dependencies = (
				FEE79C0A2680297600900A3E /* PBXTargetDependency */,
			);
			name = LandmarksTests;
			productName = LandmarksTests;
			productReference = FEE79C082680297600900A3E /* LandmarksTests.xctest */;
			productType = "com.apple.product-type.bundle.unit-test";
		};
		FEE79C122680297600900A3E /* LandmarksUITests */ = {
			isa = PBXNativeTarget;
			buildConfigurationList = FEE79C222680297600900A3E /* Build configuration list for PBXNativeTarget "LandmarksUITests" */;
			buildPhases = (
				FEE79C0F2680297600900A3E /* Sources */,
				FEE79C102680297600900A3E /* Frameworks */,
				FEE79C112680297600900A3E /* Resources */,
			);
			buildRules = (
			);
			dependencies = (
				FEE79C152680297600900A3E /* PBXTargetDependency */,
			);
			name = LandmarksUITests;
			productName = LandmarksUITests;
			productReference = FEE79C132680297600900A3E /* LandmarksUITests.xctest */;
			productType = "com.apple.product-type.bundle.ui-testing";
		};
/* End PBXNativeTarget section */

/* Begin PBXProject section */
		FEE79BEF2680297400900A3E /* Project object */ = {
			isa = PBXProject;
			attributes = {
				LastSwiftUpdateCheck = 1240;
				LastUpgradeCheck = 1240;
				TargetAttributes = {
					FEE79BF62680297400900A3E = {
						CreatedOnToolsVersion = 12.4;
					};
					FEE79C072680297600900A3E = {
						CreatedOnToolsVersion = 12.4;
						TestTargetID = FEE79BF62680297400900A3E;
					};
					FEE79C122680297600900A3E = {
						CreatedOnToolsVersion = 12.4;
						TestTargetID = FEE79BF62680297400900A3E;
					};
				};
			};
			buildConfigurationList = FEE79BF22680297400900A3E /* Build configuration list for PBXProject "Landmarks" */;
			compatibilityVersion = "Xcode 9.3";
			developmentRegion = en;
			hasScannedForEncodings = 0;
			knownRegions = (
				en,
				Base,
			);
			mainGroup = FEE79BEE2680297400900A3E;
			productRefGroup = FEE79BF82680297400900A3E /* Products */;
			projectDirPath = "";
			projectRoot = "";
			targets = (
				FEE79BF62680297400900A3E /* Landmarks */,
				FEE79C072680297600900A3E /* LandmarksTests */,
				FEE79C122680297600900A3E /* LandmarksUITests */,
			);
		};
/* End PBXProject section */

/* Begin PBXResourcesBuildPhase section */
		FEE79BF52680297400900A3E /* Resources */ = {
			isa = PBXResourcesBuildPhase;
			buildActionMask = 2147483647;
			files = (
				FEBB6FDD26880ADC004CC151 /* hikeData.json in Resources */,
				FEE79C022680297500900A3E /* Preview Assets.xcassets in Resources */,
				FEE79BFF2680297500900A3E /* Assets.xcassets in Resources */,
				FE8CF7212682713500B5BA3A /* landmarkData.json in Resources */,
			);
			runOnlyForDeploymentPostprocessing = 0;
		};
		FEE79C062680297600900A3E /* Resources */ = {
			isa = PBXResourcesBuildPhase;
			buildActionMask = 2147483647;
			files = (
			);
			runOnlyForDeploymentPostprocessing = 0;
		};
		FEE79C112680297600900A3E /* Resources */ = {
			isa = PBXResourcesBuildPhase;
			buildActionMask = 2147483647;
			files = (
			);
			runOnlyForDeploymentPostprocessing = 0;
		};
/* End PBXResourcesBuildPhase section */

/* Begin PBXSourcesBuildPhase section */
		FEE79BF32680297400900A3E /* Sources */ = {
			isa = PBXSourcesBuildPhase;
			buildActionMask = 2147483647;
			files = (
				FE4DF520268918AB00658D23 /* CategoryRow.swift in Sources */,
				FE6F4E40268178A200F25FDD /* MapView.swift in Sources */,
				FE4DF51B2689154D00658D23 /* CategoryHome.swift in Sources */,
				FEBB6FEF26880C81004CC151 /* HikeGraph.swift in Sources */,
				FEFEDF932686C6860044CFCB /* Badge.swift in Sources */,
				FEE79BFB2680297400900A3E /* LandmarksApp.swift in Sources */,
				FEBB6FEE26880C81004CC151 /* GraphCapsule.swift in Sources */,
				FE8CF74126828B3B00B5BA3A /* LandmarkList.swift in Sources */,
				FE05B49526856F51004606DB /* FavoriteButton.swift in Sources */,
				FE4DF52826891AE800658D23 /* CategoryItem.swift in Sources */,
				FEBB6FF026880C81004CC151 /* HikeDetail.swift in Sources */,
				FEFEDF7F2686B9360044CFCB /* HexagonParameters.swift in Sources */,
				FEBB6FE226880B3B004CC151 /* Hike.swift in Sources */,
				FEFEDF8E2686C5C10044CFCB /* RotatedBadgeSymbol.swift in Sources */,
				FEFEDF892686C2E20044CFCB /* BadgeSymbol.swift in Sources */,
				FE8CF749268291C500B5BA3A /* LandmarkDetail.swift in Sources */,
				FEBB6FF126880C81004CC151 /* HikeView.swift in Sources */,
				FE6F4E3B2681769D00F25FDD /* CircleImage.swift in Sources */,
				FEFEDF842686BC2E0044CFCB /* BadgeBackground.swift in Sources */,
				FE8CF75A2682C94A00B5BA3A /* ContentView.swift in Sources */,
				FE8CF7262682716900B5BA3A /* Landmark.swift in Sources */,
				FE8CF73C268280CE00B5BA3A /* LandmarkRow.swift in Sources */,
				FE8CF72B268275F000B5BA3A /* ModelData.swift in Sources */,
			);
			runOnlyForDeploymentPostprocessing = 0;
		};
		FEE79C042680297600900A3E /* Sources */ = {
			isa = PBXSourcesBuildPhase;
			buildActionMask = 2147483647;
			files = (
				FEE79C0D2680297600900A3E /* LandmarksTests.swift in Sources */,
			);
			runOnlyForDeploymentPostprocessing = 0;
		};
		FEE79C0F2680297600900A3E /* Sources */ = {
			isa = PBXSourcesBuildPhase;
			buildActionMask = 2147483647;
			files = (
				FEE79C182680297600900A3E /* LandmarksUITests.swift in Sources */,
			);
			runOnlyForDeploymentPostprocessing = 0;
		};
/* End PBXSourcesBuildPhase section */

/* Begin PBXTargetDependency section */
		FEE79C0A2680297600900A3E /* PBXTargetDependency */ = {
			isa = PBXTargetDependency;
			target = FEE79BF62680297400900A3E /* Landmarks */;
			targetProxy = FEE79C092680297600900A3E /* PBXContainerItemProxy */;
		};
		FEE79C152680297600900A3E /* PBXTargetDependency */ = {
			isa = PBXTargetDependency;
			target = FEE79BF62680297400900A3E /* Landmarks */;
			targetProxy = FEE79C142680297600900A3E /* PBXContainerItemProxy */;
		};
/* End PBXTargetDependency section */

/* Begin XCBuildConfiguration section */
		FEE79C1A2680297600900A3E /* Debug */ = {
			isa = XCBuildConfiguration;
			buildSettings = {
				ALWAYS_SEARCH_USER_PATHS = NO;
				CLANG_ANALYZER_NONNULL = YES;
				CLANG_ANALYZER_NUMBER_OBJECT_CONVERSION = YES_AGGRESSIVE;
				CLANG_CXX_LANGUAGE_STANDARD = "gnu++14";
				CLANG_CXX_LIBRARY = "libc++";
				CLANG_ENABLE_MODULES = YES;
				CLANG_ENABLE_OBJC_ARC = YES;
				CLANG_ENABLE_OBJC_WEAK = YES;
				CLANG_WARN_BLOCK_CAPTURE_AUTORELEASING = YES;
				CLANG_WARN_BOOL_CONVERSION = YES;
				CLANG_WARN_COMMA = YES;
				CLANG_WARN_CONSTANT_CONVERSION = YES;
				CLANG_WARN_DEPRECATED_OBJC_IMPLEMENTATIONS = YES;
				CLANG_WARN_DIRECT_OBJC_ISA_USAGE = YES_ERROR;
				CLANG_WARN_DOCUMENTATION_COMMENTS = YES;
				CLANG_WARN_EMPTY_BODY = YES;
				CLANG_WARN_ENUM_CONVERSION = YES;
				CLANG_WARN_INFINITE_RECURSION = YES;
				CLANG_WARN_INT_CONVERSION = YES;
				CLANG_WARN_NON_LITERAL_NULL_CONVERSION = YES;
				CLANG_WARN_OBJC_IMPLICIT_RETAIN_SELF = YES;
				CLANG_WARN_OBJC_LITERAL_CONVERSION = YES;
				CLANG_WARN_OBJC_ROOT_CLASS = YES_ERROR;
				CLANG_WARN_QUOTED_INCLUDE_IN_FRAMEWORK_HEADER = YES;
				CLANG_WARN_RANGE_LOOP_ANALYSIS = YES;
				CLANG_WARN_STRICT_PROTOTYPES = YES;
				CLANG_WARN_SUSPICIOUS_MOVE = YES;
				CLANG_WARN_UNGUARDED_AVAILABILITY = YES_AGGRESSIVE;
				CLANG_WARN_UNREACHABLE_CODE = YES;
				CLANG_WARN__DUPLICATE_METHOD_MATCH = YES;
				COPY_PHASE_STRIP = NO;
				DEBUG_INFORMATION_FORMAT = dwarf;
				ENABLE_STRICT_OBJC_MSGSEND = YES;
				ENABLE_TESTABILITY = YES;
				GCC_C_LANGUAGE_STANDARD = gnu11;
				GCC_DYNAMIC_NO_PIC = NO;
				GCC_NO_COMMON_BLOCKS = YES;
				GCC_OPTIMIZATION_LEVEL = 0;
				GCC_PREPROCESSOR_DEFINITIONS = (
					"DEBUG=1",
					"$(inherited)",
				);
				GCC_WARN_64_TO_32_BIT_CONVERSION = YES;
				GCC_WARN_ABOUT_RETURN_TYPE = YES_ERROR;
				GCC_WARN_UNDECLARED_SELECTOR = YES;
				GCC_WARN_UNINITIALIZED_AUTOS = YES_AGGRESSIVE;
				GCC_WARN_UNUSED_FUNCTION = YES;
				GCC_WARN_UNUSED_VARIABLE = YES;
				IPHONEOS_DEPLOYMENT_TARGET = 14.4;
				MTL_ENABLE_DEBUG_INFO = INCLUDE_SOURCE;
				MTL_FAST_MATH = YES;
				ONLY_ACTIVE_ARCH = YES;
				SDKROOT = iphoneos;
				SWIFT_ACTIVE_COMPILATION_CONDITIONS = DEBUG;
				SWIFT_OPTIMIZATION_LEVEL = "-Onone";
			};
			name = Debug;
		};
		FEE79C1B2680297600900A3E /* Release */ = {
			isa = XCBuildConfiguration;
			buildSettings = {
				ALWAYS_SEARCH_USER_PATHS = NO;
				CLANG_ANALYZER_NONNULL = YES;
				CLANG_ANALYZER_NUMBER_OBJECT_CONVERSION = YES_AGGRESSIVE;
				CLANG_CXX_LANGUAGE_STANDARD = "gnu++14";
				CLANG_CXX_LIBRARY = "libc++";
				CLANG_ENABLE_MODULES = YES;
				CLANG_ENABLE_OBJC_ARC = YES;
				CLANG_ENABLE_OBJC_WEAK = YES;
				CLANG_WARN_BLOCK_CAPTURE_AUTORELEASING = YES;
				CLANG_WARN_BOOL_CONVERSION = YES;
				CLANG_WARN_COMMA = YES;
				CLANG_WARN_CONSTANT_CONVERSION = YES;
				CLANG_WARN_DEPRECATED_OBJC_IMPLEMENTATIONS = YES;
				CLANG_WARN_DIRECT_OBJC_ISA_USAGE = YES_ERROR;
				CLANG_WARN_DOCUMENTATION_COMMENTS = YES;
				CLANG_WARN_EMPTY_BODY = YES;
				CLANG_WARN_ENUM_CONVERSION = YES;
				CLANG_WARN_INFINITE_RECURSION = YES;
				CLANG_WARN_INT_CONVERSION = YES;
				CLANG_WARN_NON_LITERAL_NULL_CONVERSION = YES;
				CLANG_WARN_OBJC_IMPLICIT_RETAIN_SELF = YES;
				CLANG_WARN_OBJC_LITERAL_CONVERSION = YES;
				CLANG_WARN_OBJC_ROOT_CLASS = YES_ERROR;
				CLANG_WARN_QUOTED_INCLUDE_IN_FRAMEWORK_HEADER = YES;
				CLANG_WARN_RANGE_LOOP_ANALYSIS = YES;
				CLANG_WARN_STRICT_PROTOTYPES = YES;
				CLANG_WARN_SUSPICIOUS_MOVE = YES;
				CLANG_WARN_UNGUARDED_AVAILABILITY = YES_AGGRESSIVE;
				CLANG_WARN_UNREACHABLE_CODE = YES;
				CLANG_WARN__DUPLICATE_METHOD_MATCH = YES;
				COPY_PHASE_STRIP = NO;
				DEBUG_INFORMATION_FORMAT = "dwarf-with-dsym";
				ENABLE_NS_ASSERTIONS = NO;
				ENABLE_STRICT_OBJC_MSGSEND = YES;
				GCC_C_LANGUAGE_STANDARD = gnu11;
				GCC_NO_COMMON_BLOCKS = YES;
				GCC_WARN_64_TO_32_BIT_CONVERSION = YES;
				GCC_WARN_ABOUT_RETURN_TYPE = YES_ERROR;
				GCC_WARN_UNDECLARED_SELECTOR = YES;
				GCC_WARN_UNINITIALIZED_AUTOS = YES_AGGRESSIVE;
				GCC_WARN_UNUSED_FUNCTION = YES;
				GCC_WARN_UNUSED_VARIABLE = YES;
				IPHONEOS_DEPLOYMENT_TARGET = 14.4;
				MTL_ENABLE_DEBUG_INFO = NO;
				MTL_FAST_MATH = YES;
				SDKROOT = iphoneos;
				SWIFT_COMPILATION_MODE = wholemodule;
				SWIFT_OPTIMIZATION_LEVEL = "-O";
				VALIDATE_PRODUCT = YES;
			};
			name = Release;
		};
		FEE79C1D2680297600900A3E /* Debug */ = {
			isa = XCBuildConfiguration;
			buildSettings = {
				ASSETCATALOG_COMPILER_APPICON_NAME = AppIcon;
				ASSETCATALOG_COMPILER_GLOBAL_ACCENT_COLOR_NAME = AccentColor;
				CODE_SIGN_STYLE = Automatic;
				DEVELOPMENT_ASSET_PATHS = "\"Landmarks/Preview Content\"";
				DEVELOPMENT_TEAM = 4LBT7283WA;
				ENABLE_PREVIEWS = YES;
				INFOPLIST_FILE = Landmarks/Info.plist;
				IPHONEOS_DEPLOYMENT_TARGET = 14.0;
				LD_RUNPATH_SEARCH_PATHS = (
					"$(inherited)",
					"@executable_path/Frameworks",
				);
				PRODUCT_BUNDLE_IDENTIFIER = "com.simple-amazing-machines.Landmarks";
				PRODUCT_NAME = "$(TARGET_NAME)";
				SWIFT_VERSION = 5.0;
				TARGETED_DEVICE_FAMILY = "1,2";
			};
			name = Debug;
		};
		FEE79C1E2680297600900A3E /* Release */ = {
			isa = XCBuildConfiguration;
			buildSettings = {
				ASSETCATALOG_COMPILER_APPICON_NAME = AppIcon;
				ASSETCATALOG_COMPILER_GLOBAL_ACCENT_COLOR_NAME = AccentColor;
				CODE_SIGN_STYLE = Automatic;
				DEVELOPMENT_ASSET_PATHS = "\"Landmarks/Preview Content\"";
				DEVELOPMENT_TEAM = 4LBT7283WA;
				ENABLE_PREVIEWS = YES;
				INFOPLIST_FILE = Landmarks/Info.plist;
				IPHONEOS_DEPLOYMENT_TARGET = 14.0;
				LD_RUNPATH_SEARCH_PATHS = (
					"$(inherited)",
					"@executable_path/Frameworks",
				);
				PRODUCT_BUNDLE_IDENTIFIER = "com.simple-amazing-machines.Landmarks";
				PRODUCT_NAME = "$(TARGET_NAME)";
				SWIFT_VERSION = 5.0;
				TARGETED_DEVICE_FAMILY = "1,2";
			};
			name = Release;
		};
		FEE79C202680297600900A3E /* Debug */ = {
			isa = XCBuildConfiguration;
			buildSettings = {
				ALWAYS_EMBED_SWIFT_STANDARD_LIBRARIES = YES;
				BUNDLE_LOADER = "$(TEST_HOST)";
				CODE_SIGN_STYLE = Automatic;
				DEVELOPMENT_TEAM = 4LBT7283WA;
				INFOPLIST_FILE = LandmarksTests/Info.plist;
				IPHONEOS_DEPLOYMENT_TARGET = 14.0;
				LD_RUNPATH_SEARCH_PATHS = (
					"$(inherited)",
					"@executable_path/Frameworks",
					"@loader_path/Frameworks",
				);
				PRODUCT_BUNDLE_IDENTIFIER = "com.simple-amazing-machines.LandmarksTests";
				PRODUCT_NAME = "$(TARGET_NAME)";
				SWIFT_VERSION = 5.0;
				TARGETED_DEVICE_FAMILY = "1,2";
				TEST_HOST = "$(BUILT_PRODUCTS_DIR)/Landmarks.app/Landmarks";
			};
			name = Debug;
		};
		FEE79C212680297600900A3E /* Release */ = {
			isa = XCBuildConfiguration;
			buildSettings = {
				ALWAYS_EMBED_SWIFT_STANDARD_LIBRARIES = YES;
				BUNDLE_LOADER = "$(TEST_HOST)";
				CODE_SIGN_STYLE = Automatic;
				DEVELOPMENT_TEAM = 4LBT7283WA;
				INFOPLIST_FILE = LandmarksTests/Info.plist;
				IPHONEOS_DEPLOYMENT_TARGET = 14.0;
				LD_RUNPATH_SEARCH_PATHS = (
					"$(inherited)",
					"@executable_path/Frameworks",
					"@loader_path/Frameworks",
				);
				PRODUCT_BUNDLE_IDENTIFIER = "com.simple-amazing-machines.LandmarksTests";
				PRODUCT_NAME = "$(TARGET_NAME)";
				SWIFT_VERSION = 5.0;
				TARGETED_DEVICE_FAMILY = "1,2";
				TEST_HOST = "$(BUILT_PRODUCTS_DIR)/Landmarks.app/Landmarks";
			};
			name = Release;
		};
		FEE79C232680297600900A3E /* Debug */ = {
			isa = XCBuildConfiguration;
			buildSettings = {
				ALWAYS_EMBED_SWIFT_STANDARD_LIBRARIES = YES;
				CODE_SIGN_STYLE = Automatic;
				DEVELOPMENT_TEAM = 4LBT7283WA;
				INFOPLIST_FILE = LandmarksUITests/Info.plist;
				LD_RUNPATH_SEARCH_PATHS = (
					"$(inherited)",
					"@executable_path/Frameworks",
					"@loader_path/Frameworks",
				);
				PRODUCT_BUNDLE_IDENTIFIER = "com.simple-amazing-machines.LandmarksUITests";
				PRODUCT_NAME = "$(TARGET_NAME)";
				SWIFT_VERSION = 5.0;
				TARGETED_DEVICE_FAMILY = "1,2";
				TEST_TARGET_NAME = Landmarks;
			};
			name = Debug;
		};
		FEE79C242680297600900A3E /* Release */ = {
			isa = XCBuildConfiguration;
			buildSettings = {
				ALWAYS_EMBED_SWIFT_STANDARD_LIBRARIES = YES;
				CODE_SIGN_STYLE = Automatic;
				DEVELOPMENT_TEAM = 4LBT7283WA;
				INFOPLIST_FILE = LandmarksUITests/Info.plist;
				LD_RUNPATH_SEARCH_PATHS = (
					"$(inherited)",
					"@executable_path/Frameworks",
					"@loader_path/Frameworks",
				);
				PRODUCT_BUNDLE_IDENTIFIER = "com.simple-amazing-machines.LandmarksUITests";
				PRODUCT_NAME = "$(TARGET_NAME)";
				SWIFT_VERSION = 5.0;
				TARGETED_DEVICE_FAMILY = "1,2";
				TEST_TARGET_NAME = Landmarks;
			};
			name = Release;
		};
/* End XCBuildConfiguration section */

/* Begin XCConfigurationList section */
		FEE79BF22680297400900A3E /* Build configuration list for PBXProject "Landmarks" */ = {
			isa = XCConfigurationList;
			buildConfigurations = (
				FEE79C1A2680297600900A3E /* Debug */,
				FEE79C1B2680297600900A3E /* Release */,
			);
			defaultConfigurationIsVisible = 0;
			defaultConfigurationName = Release;
		};
		FEE79C1C2680297600900A3E /* Build configuration list for PBXNativeTarget "Landmarks" */ = {
			isa = XCConfigurationList;
			buildConfigurations = (
				FEE79C1D2680297600900A3E /* Debug */,
				FEE79C1E2680297600900A3E /* Release */,
			);
			defaultConfigurationIsVisible = 0;
			defaultConfigurationName = Release;
		};
		FEE79C1F2680297600900A3E /* Build configuration list for PBXNativeTarget "LandmarksTests" */ = {
			isa = XCConfigurationList;
			buildConfigurations = (
				FEE79C202680297600900A3E /* Debug */,
				FEE79C212680297600900A3E /* Release */,
			);
			defaultConfigurationIsVisible = 0;
			defaultConfigurationName = Release;
		};
		FEE79C222680297600900A3E /* Build configuration list for PBXNativeTarget "LandmarksUITests" */ = {
			isa = XCConfigurationList;
			buildConfigurations = (
				FEE79C232680297600900A3E /* Debug */,
				FEE79C242680297600900A3E /* Release */,
			);
			defaultConfigurationIsVisible = 0;
			defaultConfigurationName = Release;
		};
/* End XCConfigurationList section */
	};
	rootObject = FEE79BEF2680297400900A3E /* Project object */;
}
